// !$*UTF8*$!
{
	archiveVersion = 1;
	classes = {
	};
	objectVersion = 46;
	objects = {

/* Begin PBXBuildFile section */
		8E19FF3A1D468354008CE1C8 /* DummyTransport.cpp in Sources */ = {isa = PBXBuildFile; fileRef = 8E19FF381D468354008CE1C8 /* DummyTransport.cpp */; };
		8E19FF3D1D468522008CE1C8 /* CrierTest.pb.cc in Sources */ = {isa = PBXBuildFile; fileRef = 8E19FF3B1D468522008CE1C8 /* CrierTest.pb.cc */; };
		8E19FF3F1D4688B1008CE1C8 /* libz.tbd in Frameworks */ = {isa = PBXBuildFile; fileRef = 8E19FF3E1D4688B1008CE1C8 /* libz.tbd */; };
		8E66C2D61D3FEF6D003E1C56 /* main.cpp in Sources */ = {isa = PBXBuildFile; fileRef = 8E66C2D51D3FEF6D003E1C56 /* main.cpp */; };
		8E66C3521D3FF4ED003E1C56 /* importer.cc in Sources */ = {isa = PBXBuildFile; fileRef = 8E66C30A1D3FF4ED003E1C56 /* importer.cc */; };
		8E66C3531D3FF4ED003E1C56 /* parser.cc in Sources */ = {isa = PBXBuildFile; fileRef = 8E66C30D1D3FF4ED003E1C56 /* parser.cc */; };
		8E66C3541D3FF4ED003E1C56 /* descriptor.cc in Sources */ = {isa = PBXBuildFile; fileRef = 8E66C3121D3FF4ED003E1C56 /* descriptor.cc */; };
		8E66C3551D3FF4ED003E1C56 /* descriptor.pb.cc in Sources */ = {isa = PBXBuildFile; fileRef = 8E66C3141D3FF4ED003E1C56 /* descriptor.pb.cc */; };
		8E66C3561D3FF4ED003E1C56 /* descriptor_database.cc in Sources */ = {isa = PBXBuildFile; fileRef = 8E66C3161D3FF4ED003E1C56 /* descriptor_database.cc */; };
		8E66C3571D3FF4ED003E1C56 /* dynamic_message.cc in Sources */ = {isa = PBXBuildFile; fileRef = 8E66C3181D3FF4ED003E1C56 /* dynamic_message.cc */; };
		8E66C3581D3FF4ED003E1C56 /* extension_set.cc in Sources */ = {isa = PBXBuildFile; fileRef = 8E66C31A1D3FF4ED003E1C56 /* extension_set.cc */; };
		8E66C3591D3FF4ED003E1C56 /* extension_set_heavy.cc in Sources */ = {isa = PBXBuildFile; fileRef = 8E66C31C1D3FF4ED003E1C56 /* extension_set_heavy.cc */; };
		8E66C35A1D3FF4ED003E1C56 /* generated_message_reflection.cc in Sources */ = {isa = PBXBuildFile; fileRef = 8E66C31D1D3FF4ED003E1C56 /* generated_message_reflection.cc */; };
		8E66C35B1D3FF4ED003E1C56 /* generated_message_util.cc in Sources */ = {isa = PBXBuildFile; fileRef = 8E66C31F1D3FF4ED003E1C56 /* generated_message_util.cc */; };
		8E66C35C1D3FF4ED003E1C56 /* coded_stream.cc in Sources */ = {isa = PBXBuildFile; fileRef = 8E66C3221D3FF4ED003E1C56 /* coded_stream.cc */; };
		8E66C35D1D3FF4ED003E1C56 /* gzip_stream.cc in Sources */ = {isa = PBXBuildFile; fileRef = 8E66C3251D3FF4ED003E1C56 /* gzip_stream.cc */; };
		8E66C35E1D3FF4ED003E1C56 /* printer.cc in Sources */ = {isa = PBXBuildFile; fileRef = 8E66C3281D3FF4ED003E1C56 /* printer.cc */; };
		8E66C35F1D3FF4ED003E1C56 /* tokenizer.cc in Sources */ = {isa = PBXBuildFile; fileRef = 8E66C32A1D3FF4ED003E1C56 /* tokenizer.cc */; };
		8E66C3601D3FF4ED003E1C56 /* zero_copy_stream.cc in Sources */ = {isa = PBXBuildFile; fileRef = 8E66C32C1D3FF4ED003E1C56 /* zero_copy_stream.cc */; };
		8E66C3611D3FF4ED003E1C56 /* zero_copy_stream_impl.cc in Sources */ = {isa = PBXBuildFile; fileRef = 8E66C32E1D3FF4ED003E1C56 /* zero_copy_stream_impl.cc */; };
		8E66C3621D3FF4ED003E1C56 /* zero_copy_stream_impl_lite.cc in Sources */ = {isa = PBXBuildFile; fileRef = 8E66C3301D3FF4ED003E1C56 /* zero_copy_stream_impl_lite.cc */; };
		8E66C3631D3FF4ED003E1C56 /* message.cc in Sources */ = {isa = PBXBuildFile; fileRef = 8E66C3321D3FF4ED003E1C56 /* message.cc */; };
		8E66C3641D3FF4ED003E1C56 /* message_lite.cc in Sources */ = {isa = PBXBuildFile; fileRef = 8E66C3341D3FF4ED003E1C56 /* message_lite.cc */; };
		8E66C3651D3FF4ED003E1C56 /* reflection_ops.cc in Sources */ = {isa = PBXBuildFile; fileRef = 8E66C3371D3FF4ED003E1C56 /* reflection_ops.cc */; };
		8E66C3661D3FF4ED003E1C56 /* repeated_field.cc in Sources */ = {isa = PBXBuildFile; fileRef = 8E66C3391D3FF4ED003E1C56 /* repeated_field.cc */; };
		8E66C3671D3FF4ED003E1C56 /* service.cc in Sources */ = {isa = PBXBuildFile; fileRef = 8E66C33B1D3FF4ED003E1C56 /* service.cc */; };
		8E66C3681D3FF4ED003E1C56 /* common.cc in Sources */ = {isa = PBXBuildFile; fileRef = 8E66C33E1D3FF4ED003E1C56 /* common.cc */; };
		8E66C3691D3FF4ED003E1C56 /* structurally_valid.cc in Sources */ = {isa = PBXBuildFile; fileRef = 8E66C3441D3FF4ED003E1C56 /* structurally_valid.cc */; };
		8E66C36A1D3FF4ED003E1C56 /* strutil.cc in Sources */ = {isa = PBXBuildFile; fileRef = 8E66C3451D3FF4ED003E1C56 /* strutil.cc */; };
		8E66C36B1D3FF4ED003E1C56 /* substitute.cc in Sources */ = {isa = PBXBuildFile; fileRef = 8E66C3471D3FF4ED003E1C56 /* substitute.cc */; };
		8E66C36C1D3FF4ED003E1C56 /* text_format.cc in Sources */ = {isa = PBXBuildFile; fileRef = 8E66C3491D3FF4ED003E1C56 /* text_format.cc */; };
		8E66C36D1D3FF4ED003E1C56 /* unknown_field_set.cc in Sources */ = {isa = PBXBuildFile; fileRef = 8E66C34B1D3FF4ED003E1C56 /* unknown_field_set.cc */; };
		8E66C36E1D3FF4ED003E1C56 /* wire_format.cc in Sources */ = {isa = PBXBuildFile; fileRef = 8E66C34D1D3FF4ED003E1C56 /* wire_format.cc */; };
		8E66C36F1D3FF4ED003E1C56 /* wire_format_lite.cc in Sources */ = {isa = PBXBuildFile; fileRef = 8E66C34F1D3FF4ED003E1C56 /* wire_format_lite.cc */; };
/* End PBXBuildFile section */

/* Begin PBXCopyFilesBuildPhase section */
		8E66C2C81D3FEF42003E1C56 /* CopyFiles */ = {
			isa = PBXCopyFilesBuildPhase;
			buildActionMask = 2147483647;
			dstPath = /usr/share/man/man1/;
			dstSubfolderSpec = 0;
			files = (
			);
			runOnlyForDeploymentPostprocessing = 1;
		};
/* End PBXCopyFilesBuildPhase section */

/* Begin PBXFileReference section */
		8E19FF2B1D465409008CE1C8 /* Crier.hpp */ = {isa = PBXFileReference; fileEncoding = 4; lastKnownFileType = sourcecode.cpp.h; path = Crier.hpp; sourceTree = "<group>"; };
		8E19FF2C1D465409008CE1C8 /* CrierTypes.hpp */ = {isa = PBXFileReference; fileEncoding = 4; lastKnownFileType = sourcecode.cpp.h; path = CrierTypes.hpp; sourceTree = "<group>"; };
		8E19FF371D467C71008CE1C8 /* Crier_impl.hpp */ = {isa = PBXFileReference; fileEncoding = 4; lastKnownFileType = sourcecode.cpp.h; path = Crier_impl.hpp; sourceTree = "<group>"; };
		8E19FF381D468354008CE1C8 /* DummyTransport.cpp */ = {isa = PBXFileReference; fileEncoding = 4; lastKnownFileType = sourcecode.cpp.cpp; path = DummyTransport.cpp; sourceTree = "<group>"; };
		8E19FF391D468354008CE1C8 /* DummyTransport.hpp */ = {isa = PBXFileReference; fileEncoding = 4; lastKnownFileType = sourcecode.cpp.h; path = DummyTransport.hpp; sourceTree = "<group>"; };
		8E19FF3B1D468522008CE1C8 /* CrierTest.pb.cc */ = {isa = PBXFileReference; fileEncoding = 4; lastKnownFileType = sourcecode.cpp.cpp; path = CrierTest.pb.cc; sourceTree = "<group>"; };
		8E19FF3C1D468522008CE1C8 /* CrierTest.pb.h */ = {isa = PBXFileReference; fileEncoding = 4; lastKnownFileType = sourcecode.c.h; path = CrierTest.pb.h; sourceTree = "<group>"; };
		8E19FF3E1D4688B1008CE1C8 /* libz.tbd */ = {isa = PBXFileReference; lastKnownFileType = "sourcecode.text-based-dylib-definition"; name = libz.tbd; path = usr/lib/libz.tbd; sourceTree = SDKROOT; };
		8E66C2CA1D3FEF42003E1C56 /* herald_tests */ = {isa = PBXFileReference; explicitFileType = "compiled.mach-o.executable"; includeInIndex = 0; path = herald_tests; sourceTree = BUILT_PRODUCTS_DIR; };
		8E66C2D51D3FEF6D003E1C56 /* main.cpp */ = {isa = PBXFileReference; fileEncoding = 4; lastKnownFileType = sourcecode.cpp.cpp; path = main.cpp; sourceTree = "<group>"; };
		8E66C3041D3FF4ED003E1C56 /* config.h */ = {isa = PBXFileReference; fileEncoding = 4; lastKnownFileType = sourcecode.c.h; path = config.h; sourceTree = "<group>"; };
		8E66C3081D3FF4ED003E1C56 /* code_generator.h */ = {isa = PBXFileReference; fileEncoding = 4; lastKnownFileType = sourcecode.c.h; path = code_generator.h; sourceTree = "<group>"; };
		8E66C3091D3FF4ED003E1C56 /* command_line_interface.h */ = {isa = PBXFileReference; fileEncoding = 4; lastKnownFileType = sourcecode.c.h; path = command_line_interface.h; sourceTree = "<group>"; };
		8E66C30A1D3FF4ED003E1C56 /* importer.cc */ = {isa = PBXFileReference; fileEncoding = 4; lastKnownFileType = sourcecode.cpp.cpp; path = importer.cc; sourceTree = "<group>"; };
		8E66C30B1D3FF4ED003E1C56 /* importer.h */ = {isa = PBXFileReference; fileEncoding = 4; lastKnownFileType = sourcecode.c.h; path = importer.h; sourceTree = "<group>"; };
		8E66C30C1D3FF4ED003E1C56 /* package_info.h */ = {isa = PBXFileReference; fileEncoding = 4; lastKnownFileType = sourcecode.c.h; path = package_info.h; sourceTree = "<group>"; };
		8E66C30D1D3FF4ED003E1C56 /* parser.cc */ = {isa = PBXFileReference; fileEncoding = 4; lastKnownFileType = sourcecode.cpp.cpp; path = parser.cc; sourceTree = "<group>"; };
		8E66C30E1D3FF4ED003E1C56 /* parser.h */ = {isa = PBXFileReference; fileEncoding = 4; lastKnownFileType = sourcecode.c.h; path = parser.h; sourceTree = "<group>"; };
		8E66C30F1D3FF4ED003E1C56 /* plugin.h */ = {isa = PBXFileReference; fileEncoding = 4; lastKnownFileType = sourcecode.c.h; path = plugin.h; sourceTree = "<group>"; };
		8E66C3101D3FF4ED003E1C56 /* subprocess.h */ = {isa = PBXFileReference; fileEncoding = 4; lastKnownFileType = sourcecode.c.h; path = subprocess.h; sourceTree = "<group>"; };
		8E66C3111D3FF4ED003E1C56 /* zip_writer.h */ = {isa = PBXFileReference; fileEncoding = 4; lastKnownFileType = sourcecode.c.h; path = zip_writer.h; sourceTree = "<group>"; };
		8E66C3121D3FF4ED003E1C56 /* descriptor.cc */ = {isa = PBXFileReference; fileEncoding = 4; lastKnownFileType = sourcecode.cpp.cpp; path = descriptor.cc; sourceTree = "<group>"; };
		8E66C3131D3FF4ED003E1C56 /* descriptor.h */ = {isa = PBXFileReference; fileEncoding = 4; lastKnownFileType = sourcecode.c.h; path = descriptor.h; sourceTree = "<group>"; };
		8E66C3141D3FF4ED003E1C56 /* descriptor.pb.cc */ = {isa = PBXFileReference; fileEncoding = 4; lastKnownFileType = sourcecode.cpp.cpp; path = descriptor.pb.cc; sourceTree = "<group>"; };
		8E66C3151D3FF4ED003E1C56 /* descriptor.pb.h */ = {isa = PBXFileReference; fileEncoding = 4; lastKnownFileType = sourcecode.c.h; path = descriptor.pb.h; sourceTree = "<group>"; };
		8E66C3161D3FF4ED003E1C56 /* descriptor_database.cc */ = {isa = PBXFileReference; fileEncoding = 4; lastKnownFileType = sourcecode.cpp.cpp; path = descriptor_database.cc; sourceTree = "<group>"; };
		8E66C3171D3FF4ED003E1C56 /* descriptor_database.h */ = {isa = PBXFileReference; fileEncoding = 4; lastKnownFileType = sourcecode.c.h; path = descriptor_database.h; sourceTree = "<group>"; };
		8E66C3181D3FF4ED003E1C56 /* dynamic_message.cc */ = {isa = PBXFileReference; fileEncoding = 4; lastKnownFileType = sourcecode.cpp.cpp; path = dynamic_message.cc; sourceTree = "<group>"; };
		8E66C3191D3FF4ED003E1C56 /* dynamic_message.h */ = {isa = PBXFileReference; fileEncoding = 4; lastKnownFileType = sourcecode.c.h; path = dynamic_message.h; sourceTree = "<group>"; };
		8E66C31A1D3FF4ED003E1C56 /* extension_set.cc */ = {isa = PBXFileReference; fileEncoding = 4; lastKnownFileType = sourcecode.cpp.cpp; path = extension_set.cc; sourceTree = "<group>"; };
		8E66C31B1D3FF4ED003E1C56 /* extension_set.h */ = {isa = PBXFileReference; fileEncoding = 4; lastKnownFileType = sourcecode.c.h; path = extension_set.h; sourceTree = "<group>"; };
		8E66C31C1D3FF4ED003E1C56 /* extension_set_heavy.cc */ = {isa = PBXFileReference; fileEncoding = 4; lastKnownFileType = sourcecode.cpp.cpp; path = extension_set_heavy.cc; sourceTree = "<group>"; };
		8E66C31D1D3FF4ED003E1C56 /* generated_message_reflection.cc */ = {isa = PBXFileReference; fileEncoding = 4; lastKnownFileType = sourcecode.cpp.cpp; path = generated_message_reflection.cc; sourceTree = "<group>"; };
		8E66C31E1D3FF4ED003E1C56 /* generated_message_reflection.h */ = {isa = PBXFileReference; fileEncoding = 4; lastKnownFileType = sourcecode.c.h; path = generated_message_reflection.h; sourceTree = "<group>"; };
		8E66C31F1D3FF4ED003E1C56 /* generated_message_util.cc */ = {isa = PBXFileReference; fileEncoding = 4; lastKnownFileType = sourcecode.cpp.cpp; path = generated_message_util.cc; sourceTree = "<group>"; };
		8E66C3201D3FF4ED003E1C56 /* generated_message_util.h */ = {isa = PBXFileReference; fileEncoding = 4; lastKnownFileType = sourcecode.c.h; path = generated_message_util.h; sourceTree = "<group>"; };
		8E66C3221D3FF4ED003E1C56 /* coded_stream.cc */ = {isa = PBXFileReference; fileEncoding = 4; lastKnownFileType = sourcecode.cpp.cpp; path = coded_stream.cc; sourceTree = "<group>"; };
		8E66C3231D3FF4ED003E1C56 /* coded_stream.h */ = {isa = PBXFileReference; fileEncoding = 4; lastKnownFileType = sourcecode.c.h; path = coded_stream.h; sourceTree = "<group>"; };
		8E66C3241D3FF4ED003E1C56 /* coded_stream_inl.h */ = {isa = PBXFileReference; fileEncoding = 4; lastKnownFileType = sourcecode.c.h; path = coded_stream_inl.h; sourceTree = "<group>"; };
		8E66C3251D3FF4ED003E1C56 /* gzip_stream.cc */ = {isa = PBXFileReference; fileEncoding = 4; lastKnownFileType = sourcecode.cpp.cpp; path = gzip_stream.cc; sourceTree = "<group>"; };
		8E66C3261D3FF4ED003E1C56 /* gzip_stream.h */ = {isa = PBXFileReference; fileEncoding = 4; lastKnownFileType = sourcecode.c.h; path = gzip_stream.h; sourceTree = "<group>"; };
		8E66C3271D3FF4ED003E1C56 /* package_info.h */ = {isa = PBXFileReference; fileEncoding = 4; lastKnownFileType = sourcecode.c.h; path = package_info.h; sourceTree = "<group>"; };
		8E66C3281D3FF4ED003E1C56 /* printer.cc */ = {isa = PBXFileReference; fileEncoding = 4; lastKnownFileType = sourcecode.cpp.cpp; path = printer.cc; sourceTree = "<group>"; };
		8E66C3291D3FF4ED003E1C56 /* printer.h */ = {isa = PBXFileReference; fileEncoding = 4; lastKnownFileType = sourcecode.c.h; path = printer.h; sourceTree = "<group>"; };
		8E66C32A1D3FF4ED003E1C56 /* tokenizer.cc */ = {isa = PBXFileReference; fileEncoding = 4; lastKnownFileType = sourcecode.cpp.cpp; path = tokenizer.cc; sourceTree = "<group>"; };
		8E66C32B1D3FF4ED003E1C56 /* tokenizer.h */ = {isa = PBXFileReference; fileEncoding = 4; lastKnownFileType = sourcecode.c.h; path = tokenizer.h; sourceTree = "<group>"; };
		8E66C32C1D3FF4ED003E1C56 /* zero_copy_stream.cc */ = {isa = PBXFileReference; fileEncoding = 4; lastKnownFileType = sourcecode.cpp.cpp; path = zero_copy_stream.cc; sourceTree = "<group>"; };
		8E66C32D1D3FF4ED003E1C56 /* zero_copy_stream.h */ = {isa = PBXFileReference; fileEncoding = 4; lastKnownFileType = sourcecode.c.h; path = zero_copy_stream.h; sourceTree = "<group>"; };
		8E66C32E1D3FF4ED003E1C56 /* zero_copy_stream_impl.cc */ = {isa = PBXFileReference; fileEncoding = 4; lastKnownFileType = sourcecode.cpp.cpp; path = zero_copy_stream_impl.cc; sourceTree = "<group>"; };
		8E66C32F1D3FF4ED003E1C56 /* zero_copy_stream_impl.h */ = {isa = PBXFileReference; fileEncoding = 4; lastKnownFileType = sourcecode.c.h; path = zero_copy_stream_impl.h; sourceTree = "<group>"; };
		8E66C3301D3FF4ED003E1C56 /* zero_copy_stream_impl_lite.cc */ = {isa = PBXFileReference; fileEncoding = 4; lastKnownFileType = sourcecode.cpp.cpp; path = zero_copy_stream_impl_lite.cc; sourceTree = "<group>"; };
		8E66C3311D3FF4ED003E1C56 /* zero_copy_stream_impl_lite.h */ = {isa = PBXFileReference; fileEncoding = 4; lastKnownFileType = sourcecode.c.h; path = zero_copy_stream_impl_lite.h; sourceTree = "<group>"; };
		8E66C3321D3FF4ED003E1C56 /* message.cc */ = {isa = PBXFileReference; fileEncoding = 4; lastKnownFileType = sourcecode.cpp.cpp; path = message.cc; sourceTree = "<group>"; };
		8E66C3331D3FF4ED003E1C56 /* message.h */ = {isa = PBXFileReference; fileEncoding = 4; lastKnownFileType = sourcecode.c.h; path = message.h; sourceTree = "<group>"; };
		8E66C3341D3FF4ED003E1C56 /* message_lite.cc */ = {isa = PBXFileReference; fileEncoding = 4; lastKnownFileType = sourcecode.cpp.cpp; path = message_lite.cc; sourceTree = "<group>"; };
		8E66C3351D3FF4ED003E1C56 /* message_lite.h */ = {isa = PBXFileReference; fileEncoding = 4; lastKnownFileType = sourcecode.c.h; path = message_lite.h; sourceTree = "<group>"; };
		8E66C3361D3FF4ED003E1C56 /* package_info.h */ = {isa = PBXFileReference; fileEncoding = 4; lastKnownFileType = sourcecode.c.h; path = package_info.h; sourceTree = "<group>"; };
		8E66C3371D3FF4ED003E1C56 /* reflection_ops.cc */ = {isa = PBXFileReference; fileEncoding = 4; lastKnownFileType = sourcecode.cpp.cpp; path = reflection_ops.cc; sourceTree = "<group>"; };
		8E66C3381D3FF4ED003E1C56 /* reflection_ops.h */ = {isa = PBXFileReference; fileEncoding = 4; lastKnownFileType = sourcecode.c.h; path = reflection_ops.h; sourceTree = "<group>"; };
		8E66C3391D3FF4ED003E1C56 /* repeated_field.cc */ = {isa = PBXFileReference; fileEncoding = 4; lastKnownFileType = sourcecode.cpp.cpp; path = repeated_field.cc; sourceTree = "<group>"; };
		8E66C33A1D3FF4ED003E1C56 /* repeated_field.h */ = {isa = PBXFileReference; fileEncoding = 4; lastKnownFileType = sourcecode.c.h; path = repeated_field.h; sourceTree = "<group>"; };
		8E66C33B1D3FF4ED003E1C56 /* service.cc */ = {isa = PBXFileReference; fileEncoding = 4; lastKnownFileType = sourcecode.cpp.cpp; path = service.cc; sourceTree = "<group>"; };
		8E66C33C1D3FF4ED003E1C56 /* service.h */ = {isa = PBXFileReference; fileEncoding = 4; lastKnownFileType = sourcecode.c.h; path = service.h; sourceTree = "<group>"; };
		8E66C33E1D3FF4ED003E1C56 /* common.cc */ = {isa = PBXFileReference; fileEncoding = 4; lastKnownFileType = sourcecode.cpp.cpp; path = common.cc; sourceTree = "<group>"; };
		8E66C33F1D3FF4ED003E1C56 /* common.h */ = {isa = PBXFileReference; fileEncoding = 4; lastKnownFileType = sourcecode.c.h; path = common.h; sourceTree = "<group>"; };
		8E66C3401D3FF4ED003E1C56 /* hash.h */ = {isa = PBXFileReference; fileEncoding = 4; lastKnownFileType = sourcecode.c.h; path = hash.h; sourceTree = "<group>"; };
		8E66C3411D3FF4ED003E1C56 /* map-util.h */ = {isa = PBXFileReference; fileEncoding = 4; lastKnownFileType = sourcecode.c.h; path = "map-util.h"; sourceTree = "<group>"; };
		8E66C3421D3FF4ED003E1C56 /* once.h */ = {isa = PBXFileReference; fileEncoding = 4; lastKnownFileType = sourcecode.c.h; path = once.h; sourceTree = "<group>"; };
		8E66C3431D3FF4ED003E1C56 /* stl_util-inl.h */ = {isa = PBXFileReference; fileEncoding = 4; lastKnownFileType = sourcecode.c.h; path = "stl_util-inl.h"; sourceTree = "<group>"; };
		8E66C3441D3FF4ED003E1C56 /* structurally_valid.cc */ = {isa = PBXFileReference; fileEncoding = 4; lastKnownFileType = sourcecode.cpp.cpp; path = structurally_valid.cc; sourceTree = "<group>"; };
		8E66C3451D3FF4ED003E1C56 /* strutil.cc */ = {isa = PBXFileReference; fileEncoding = 4; lastKnownFileType = sourcecode.cpp.cpp; path = strutil.cc; sourceTree = "<group>"; };
		8E66C3461D3FF4ED003E1C56 /* strutil.h */ = {isa = PBXFileReference; fileEncoding = 4; lastKnownFileType = sourcecode.c.h; path = strutil.h; sourceTree = "<group>"; };
		8E66C3471D3FF4ED003E1C56 /* substitute.cc */ = {isa = PBXFileReference; fileEncoding = 4; lastKnownFileType = sourcecode.cpp.cpp; path = substitute.cc; sourceTree = "<group>"; };
		8E66C3481D3FF4ED003E1C56 /* substitute.h */ = {isa = PBXFileReference; fileEncoding = 4; lastKnownFileType = sourcecode.c.h; path = substitute.h; sourceTree = "<group>"; };
		8E66C3491D3FF4ED003E1C56 /* text_format.cc */ = {isa = PBXFileReference; fileEncoding = 4; lastKnownFileType = sourcecode.cpp.cpp; path = text_format.cc; sourceTree = "<group>"; };
		8E66C34A1D3FF4ED003E1C56 /* text_format.h */ = {isa = PBXFileReference; fileEncoding = 4; lastKnownFileType = sourcecode.c.h; path = text_format.h; sourceTree = "<group>"; };
		8E66C34B1D3FF4ED003E1C56 /* unknown_field_set.cc */ = {isa = PBXFileReference; fileEncoding = 4; lastKnownFileType = sourcecode.cpp.cpp; path = unknown_field_set.cc; sourceTree = "<group>"; };
		8E66C34C1D3FF4ED003E1C56 /* unknown_field_set.h */ = {isa = PBXFileReference; fileEncoding = 4; lastKnownFileType = sourcecode.c.h; path = unknown_field_set.h; sourceTree = "<group>"; };
		8E66C34D1D3FF4ED003E1C56 /* wire_format.cc */ = {isa = PBXFileReference; fileEncoding = 4; lastKnownFileType = sourcecode.cpp.cpp; path = wire_format.cc; sourceTree = "<group>"; };
		8E66C34E1D3FF4ED003E1C56 /* wire_format.h */ = {isa = PBXFileReference; fileEncoding = 4; lastKnownFileType = sourcecode.c.h; path = wire_format.h; sourceTree = "<group>"; };
		8E66C34F1D3FF4ED003E1C56 /* wire_format_lite.cc */ = {isa = PBXFileReference; fileEncoding = 4; lastKnownFileType = sourcecode.cpp.cpp; path = wire_format_lite.cc; sourceTree = "<group>"; };
		8E66C3501D3FF4ED003E1C56 /* wire_format_lite.h */ = {isa = PBXFileReference; fileEncoding = 4; lastKnownFileType = sourcecode.c.h; path = wire_format_lite.h; sourceTree = "<group>"; };
		8E66C3511D3FF4ED003E1C56 /* wire_format_lite_inl.h */ = {isa = PBXFileReference; fileEncoding = 4; lastKnownFileType = sourcecode.c.h; path = wire_format_lite_inl.h; sourceTree = "<group>"; };
		8EE734771D47701600CBB7BE /* Crier_priv.hpp */ = {isa = PBXFileReference; fileEncoding = 4; lastKnownFileType = sourcecode.cpp.h; path = Crier_priv.hpp; sourceTree = "<group>"; };
		8EE734781D47780700CBB7BE /* Transport.hpp */ = {isa = PBXFileReference; fileEncoding = 4; lastKnownFileType = sourcecode.cpp.h; path = Transport.hpp; sourceTree = "<group>"; };
/* End PBXFileReference section */

/* Begin PBXFrameworksBuildPhase section */
		8E66C2C71D3FEF42003E1C56 /* Frameworks */ = {
			isa = PBXFrameworksBuildPhase;
			buildActionMask = 2147483647;
			files = (
				8E19FF3F1D4688B1008CE1C8 /* libz.tbd in Frameworks */,
			);
			runOnlyForDeploymentPostprocessing = 0;
		};
/* End PBXFrameworksBuildPhase section */

/* Begin PBXGroup section */
		8E19FF2A1D465409008CE1C8 /* crier */ = {
			isa = PBXGroup;
			children = (
				8E19FF2B1D465409008CE1C8 /* Crier.hpp */,
				8E19FF2C1D465409008CE1C8 /* CrierTypes.hpp */,
				8EE734781D47780700CBB7BE /* Transport.hpp */,
				8E19FF2D1D465409008CE1C8 /* private */,
			);
			path = crier;
			sourceTree = "<group>";
		};
		8E19FF2D1D465409008CE1C8 /* private */ = {
			isa = PBXGroup;
			children = (
				8E19FF371D467C71008CE1C8 /* Crier_impl.hpp */,
				8EE734771D47701600CBB7BE /* Crier_priv.hpp */,
			);
			path = private;
			sourceTree = "<group>";
		};
		8E66C2C11D3FEF42003E1C56 = {
			isa = PBXGroup;
			children = (
				8E19FF3E1D4688B1008CE1C8 /* libz.tbd */,
				8E66C2D71D3FEF79003E1C56 /* herald */,
				8E66C2D41D3FEF6D003E1C56 /* src */,
				8E66C3021D3FF4ED003E1C56 /* libs */,
				8E66C2CB1D3FEF42003E1C56 /* Products */,
			);
			sourceTree = "<group>";
		};
		8E66C2CB1D3FEF42003E1C56 /* Products */ = {
			isa = PBXGroup;
			children = (
				8E66C2CA1D3FEF42003E1C56 /* herald_tests */,
			);
			name = Products;
			sourceTree = "<group>";
		};
		8E66C2D41D3FEF6D003E1C56 /* src */ = {
			isa = PBXGroup;
			children = (
				8E66C2D51D3FEF6D003E1C56 /* main.cpp */,
				8E19FF381D468354008CE1C8 /* DummyTransport.cpp */,
				8E19FF391D468354008CE1C8 /* DummyTransport.hpp */,
				8E19FF3B1D468522008CE1C8 /* CrierTest.pb.cc */,
				8E19FF3C1D468522008CE1C8 /* CrierTest.pb.h */,
			);
			name = src;
			path = ../src;
			sourceTree = "<group>";
		};
		8E66C2D71D3FEF79003E1C56 /* herald */ = {
			isa = PBXGroup;
			children = (
				8E66C2D81D3FF00B003E1C56 /* include */,
			);
			name = herald;
			sourceTree = "<group>";
		};
		8E66C2D81D3FF00B003E1C56 /* include */ = {
			isa = PBXGroup;
			children = (
				8E19FF2A1D465409008CE1C8 /* crier */,
			);
			name = include;
			path = ../../include;
			sourceTree = "<group>";
		};
		8E66C3021D3FF4ED003E1C56 /* libs */ = {
			isa = PBXGroup;
			children = (
				8E66C3031D3FF4ED003E1C56 /* protocol_buffers */,
			);
			name = libs;
			path = ../libs;
			sourceTree = "<group>";
		};
		8E66C3031D3FF4ED003E1C56 /* protocol_buffers */ = {
			isa = PBXGroup;
			children = (
				8E66C3041D3FF4ED003E1C56 /* config.h */,
				8E66C3051D3FF4ED003E1C56 /* google */,
			);
			path = protocol_buffers;
			sourceTree = "<group>";
		};
		8E66C3051D3FF4ED003E1C56 /* google */ = {
			isa = PBXGroup;
			children = (
				8E66C3061D3FF4ED003E1C56 /* protobuf */,
			);
			path = google;
			sourceTree = "<group>";
		};
		8E66C3061D3FF4ED003E1C56 /* protobuf */ = {
			isa = PBXGroup;
			children = (
				8E66C3071D3FF4ED003E1C56 /* compiler */,
				8E66C3121D3FF4ED003E1C56 /* descriptor.cc */,
				8E66C3131D3FF4ED003E1C56 /* descriptor.h */,
				8E66C3141D3FF4ED003E1C56 /* descriptor.pb.cc */,
				8E66C3151D3FF4ED003E1C56 /* descriptor.pb.h */,
				8E66C3161D3FF4ED003E1C56 /* descriptor_database.cc */,
				8E66C3171D3FF4ED003E1C56 /* descriptor_database.h */,
				8E66C3181D3FF4ED003E1C56 /* dynamic_message.cc */,
				8E66C3191D3FF4ED003E1C56 /* dynamic_message.h */,
				8E66C31A1D3FF4ED003E1C56 /* extension_set.cc */,
				8E66C31B1D3FF4ED003E1C56 /* extension_set.h */,
				8E66C31C1D3FF4ED003E1C56 /* extension_set_heavy.cc */,
				8E66C31D1D3FF4ED003E1C56 /* generated_message_reflection.cc */,
				8E66C31E1D3FF4ED003E1C56 /* generated_message_reflection.h */,
				8E66C31F1D3FF4ED003E1C56 /* generated_message_util.cc */,
				8E66C3201D3FF4ED003E1C56 /* generated_message_util.h */,
				8E66C3211D3FF4ED003E1C56 /* io */,
				8E66C3321D3FF4ED003E1C56 /* message.cc */,
				8E66C3331D3FF4ED003E1C56 /* message.h */,
				8E66C3341D3FF4ED003E1C56 /* message_lite.cc */,
				8E66C3351D3FF4ED003E1C56 /* message_lite.h */,
				8E66C3361D3FF4ED003E1C56 /* package_info.h */,
				8E66C3371D3FF4ED003E1C56 /* reflection_ops.cc */,
				8E66C3381D3FF4ED003E1C56 /* reflection_ops.h */,
				8E66C3391D3FF4ED003E1C56 /* repeated_field.cc */,
				8E66C33A1D3FF4ED003E1C56 /* repeated_field.h */,
				8E66C33B1D3FF4ED003E1C56 /* service.cc */,
				8E66C33C1D3FF4ED003E1C56 /* service.h */,
				8E66C33D1D3FF4ED003E1C56 /* stubs */,
				8E66C3491D3FF4ED003E1C56 /* text_format.cc */,
				8E66C34A1D3FF4ED003E1C56 /* text_format.h */,
				8E66C34B1D3FF4ED003E1C56 /* unknown_field_set.cc */,
				8E66C34C1D3FF4ED003E1C56 /* unknown_field_set.h */,
				8E66C34D1D3FF4ED003E1C56 /* wire_format.cc */,
				8E66C34E1D3FF4ED003E1C56 /* wire_format.h */,
				8E66C34F1D3FF4ED003E1C56 /* wire_format_lite.cc */,
				8E66C3501D3FF4ED003E1C56 /* wire_format_lite.h */,
				8E66C3511D3FF4ED003E1C56 /* wire_format_lite_inl.h */,
			);
			path = protobuf;
			sourceTree = "<group>";
		};
		8E66C3071D3FF4ED003E1C56 /* compiler */ = {
			isa = PBXGroup;
			children = (
				8E66C3081D3FF4ED003E1C56 /* code_generator.h */,
				8E66C3091D3FF4ED003E1C56 /* command_line_interface.h */,
				8E66C30A1D3FF4ED003E1C56 /* importer.cc */,
				8E66C30B1D3FF4ED003E1C56 /* importer.h */,
				8E66C30C1D3FF4ED003E1C56 /* package_info.h */,
				8E66C30D1D3FF4ED003E1C56 /* parser.cc */,
				8E66C30E1D3FF4ED003E1C56 /* parser.h */,
				8E66C30F1D3FF4ED003E1C56 /* plugin.h */,
				8E66C3101D3FF4ED003E1C56 /* subprocess.h */,
				8E66C3111D3FF4ED003E1C56 /* zip_writer.h */,
			);
			path = compiler;
			sourceTree = "<group>";
		};
		8E66C3211D3FF4ED003E1C56 /* io */ = {
			isa = PBXGroup;
			children = (
				8E66C3221D3FF4ED003E1C56 /* coded_stream.cc */,
				8E66C3231D3FF4ED003E1C56 /* coded_stream.h */,
				8E66C3241D3FF4ED003E1C56 /* coded_stream_inl.h */,
				8E66C3251D3FF4ED003E1C56 /* gzip_stream.cc */,
				8E66C3261D3FF4ED003E1C56 /* gzip_stream.h */,
				8E66C3271D3FF4ED003E1C56 /* package_info.h */,
				8E66C3281D3FF4ED003E1C56 /* printer.cc */,
				8E66C3291D3FF4ED003E1C56 /* printer.h */,
				8E66C32A1D3FF4ED003E1C56 /* tokenizer.cc */,
				8E66C32B1D3FF4ED003E1C56 /* tokenizer.h */,
				8E66C32C1D3FF4ED003E1C56 /* zero_copy_stream.cc */,
				8E66C32D1D3FF4ED003E1C56 /* zero_copy_stream.h */,
				8E66C32E1D3FF4ED003E1C56 /* zero_copy_stream_impl.cc */,
				8E66C32F1D3FF4ED003E1C56 /* zero_copy_stream_impl.h */,
				8E66C3301D3FF4ED003E1C56 /* zero_copy_stream_impl_lite.cc */,
				8E66C3311D3FF4ED003E1C56 /* zero_copy_stream_impl_lite.h */,
			);
			path = io;
			sourceTree = "<group>";
		};
		8E66C33D1D3FF4ED003E1C56 /* stubs */ = {
			isa = PBXGroup;
			children = (
				8E66C33E1D3FF4ED003E1C56 /* common.cc */,
				8E66C33F1D3FF4ED003E1C56 /* common.h */,
				8E66C3401D3FF4ED003E1C56 /* hash.h */,
				8E66C3411D3FF4ED003E1C56 /* map-util.h */,
				8E66C3421D3FF4ED003E1C56 /* once.h */,
				8E66C3431D3FF4ED003E1C56 /* stl_util-inl.h */,
				8E66C3441D3FF4ED003E1C56 /* structurally_valid.cc */,
				8E66C3451D3FF4ED003E1C56 /* strutil.cc */,
				8E66C3461D3FF4ED003E1C56 /* strutil.h */,
				8E66C3471D3FF4ED003E1C56 /* substitute.cc */,
				8E66C3481D3FF4ED003E1C56 /* substitute.h */,
			);
			path = stubs;
			sourceTree = "<group>";
		};
/* End PBXGroup section */

/* Begin PBXNativeTarget section */
		8E66C2C91D3FEF42003E1C56 /* herald_tests */ = {
			isa = PBXNativeTarget;
			buildConfigurationList = 8E66C2D11D3FEF42003E1C56 /* Build configuration list for PBXNativeTarget "herald_tests" */;
			buildPhases = (
				8E66C2C61D3FEF42003E1C56 /* Sources */,
				8E66C2C71D3FEF42003E1C56 /* Frameworks */,
				8E66C2C81D3FEF42003E1C56 /* CopyFiles */,
			);
			buildRules = (
			);
			dependencies = (
			);
			name = herald_tests;
			productName = herald_tests;
			productReference = 8E66C2CA1D3FEF42003E1C56 /* herald_tests */;
			productType = "com.apple.product-type.tool";
		};
/* End PBXNativeTarget section */

/* Begin PBXProject section */
		8E66C2C21D3FEF42003E1C56 /* Project object */ = {
			isa = PBXProject;
			attributes = {
				LastUpgradeCheck = 0730;
				ORGANIZATIONNAME = "Pedro Engana";
				TargetAttributes = {
					8E66C2C91D3FEF42003E1C56 = {
						CreatedOnToolsVersion = 7.3.1;
					};
				};
			};
			buildConfigurationList = 8E66C2C51D3FEF42003E1C56 /* Build configuration list for PBXProject "crier_tests" */;
			compatibilityVersion = "Xcode 3.2";
			developmentRegion = English;
			hasScannedForEncodings = 0;
			knownRegions = (
				en,
			);
			mainGroup = 8E66C2C11D3FEF42003E1C56;
			productRefGroup = 8E66C2CB1D3FEF42003E1C56 /* Products */;
			projectDirPath = "";
			projectRoot = "";
			targets = (
				8E66C2C91D3FEF42003E1C56 /* herald_tests */,
			);
		};
/* End PBXProject section */

/* Begin PBXSourcesBuildPhase section */
		8E66C2C61D3FEF42003E1C56 /* Sources */ = {
			isa = PBXSourcesBuildPhase;
			buildActionMask = 2147483647;
			files = (
				8E66C3541D3FF4ED003E1C56 /* descriptor.cc in Sources */,
				8E66C36E1D3FF4ED003E1C56 /* wire_format.cc in Sources */,
				8E66C35F1D3FF4ED003E1C56 /* tokenizer.cc in Sources */,
				8E66C3561D3FF4ED003E1C56 /* descriptor_database.cc in Sources */,
				8E66C3551D3FF4ED003E1C56 /* descriptor.pb.cc in Sources */,
				8E66C36B1D3FF4ED003E1C56 /* substitute.cc in Sources */,
				8E66C3671D3FF4ED003E1C56 /* service.cc in Sources */,
				8E66C3571D3FF4ED003E1C56 /* dynamic_message.cc in Sources */,
				8E66C3581D3FF4ED003E1C56 /* extension_set.cc in Sources */,
				8E66C2D61D3FEF6D003E1C56 /* main.cpp in Sources */,
				8E66C3601D3FF4ED003E1C56 /* zero_copy_stream.cc in Sources */,
				8E66C35D1D3FF4ED003E1C56 /* gzip_stream.cc in Sources */,
				8E66C3611D3FF4ED003E1C56 /* zero_copy_stream_impl.cc in Sources */,
				8E66C36C1D3FF4ED003E1C56 /* text_format.cc in Sources */,
				8E66C36D1D3FF4ED003E1C56 /* unknown_field_set.cc in Sources */,
				8E66C3641D3FF4ED003E1C56 /* message_lite.cc in Sources */,
				8E66C35E1D3FF4ED003E1C56 /* printer.cc in Sources */,
				8E66C3531D3FF4ED003E1C56 /* parser.cc in Sources */,
				8E66C35A1D3FF4ED003E1C56 /* generated_message_reflection.cc in Sources */,
				8E66C3631D3FF4ED003E1C56 /* message.cc in Sources */,
				8E19FF3D1D468522008CE1C8 /* CrierTest.pb.cc in Sources */,
				8E66C35B1D3FF4ED003E1C56 /* generated_message_util.cc in Sources */,
				8E66C3621D3FF4ED003E1C56 /* zero_copy_stream_impl_lite.cc in Sources */,
				8E66C3681D3FF4ED003E1C56 /* common.cc in Sources */,
				8E66C36A1D3FF4ED003E1C56 /* strutil.cc in Sources */,
				8E66C3651D3FF4ED003E1C56 /* reflection_ops.cc in Sources */,
				8E66C35C1D3FF4ED003E1C56 /* coded_stream.cc in Sources */,
				8E66C3521D3FF4ED003E1C56 /* importer.cc in Sources */,
				8E66C3661D3FF4ED003E1C56 /* repeated_field.cc in Sources */,
				8E19FF3A1D468354008CE1C8 /* DummyTransport.cpp in Sources */,
				8E66C3691D3FF4ED003E1C56 /* structurally_valid.cc in Sources */,
				8E66C3591D3FF4ED003E1C56 /* extension_set_heavy.cc in Sources */,
				8E66C36F1D3FF4ED003E1C56 /* wire_format_lite.cc in Sources */,
			);
			runOnlyForDeploymentPostprocessing = 0;
		};
/* End PBXSourcesBuildPhase section */

/* Begin XCBuildConfiguration section */
		8E66C2CF1D3FEF42003E1C56 /* Debug */ = {
			isa = XCBuildConfiguration;
			buildSettings = {
				ALWAYS_SEARCH_USER_PATHS = NO;
				CLANG_ANALYZER_NONNULL = YES;
				CLANG_CXX_LANGUAGE_STANDARD = "gnu++0x";
				CLANG_CXX_LIBRARY = "libc++";
				CLANG_ENABLE_MODULES = YES;
				CLANG_ENABLE_OBJC_ARC = YES;
				CLANG_WARN_BOOL_CONVERSION = YES;
				CLANG_WARN_CONSTANT_CONVERSION = YES;
				CLANG_WARN_DIRECT_OBJC_ISA_USAGE = YES_ERROR;
				CLANG_WARN_EMPTY_BODY = YES;
				CLANG_WARN_ENUM_CONVERSION = YES;
				CLANG_WARN_INT_CONVERSION = YES;
				CLANG_WARN_OBJC_ROOT_CLASS = YES_ERROR;
				CLANG_WARN_UNREACHABLE_CODE = YES;
				CLANG_WARN__DUPLICATE_METHOD_MATCH = YES;
				CODE_SIGN_IDENTITY = "-";
				COPY_PHASE_STRIP = NO;
				DEBUG_INFORMATION_FORMAT = dwarf;
				ENABLE_STRICT_OBJC_MSGSEND = YES;
				ENABLE_TESTABILITY = YES;
				GCC_C_LANGUAGE_STANDARD = gnu99;
				GCC_DYNAMIC_NO_PIC = NO;
				GCC_NO_COMMON_BLOCKS = YES;
				GCC_OPTIMIZATION_LEVEL = 0;
				GCC_PREPROCESSOR_DEFINITIONS = (
					"DEBUG=1",
					"$(inherited)",
				);
				GCC_WARN_64_TO_32_BIT_CONVERSION = YES;
				GCC_WARN_ABOUT_RETURN_TYPE = YES_ERROR;
				GCC_WARN_UNDECLARED_SELECTOR = YES;
				GCC_WARN_UNINITIALIZED_AUTOS = YES_AGGRESSIVE;
				GCC_WARN_UNUSED_FUNCTION = YES;
				GCC_WARN_UNUSED_VARIABLE = YES;
				MACOSX_DEPLOYMENT_TARGET = 10.11;
				MTL_ENABLE_DEBUG_INFO = YES;
				ONLY_ACTIVE_ARCH = YES;
				SDKROOT = macosx;
			};
			name = Debug;
		};
		8E66C2D01D3FEF42003E1C56 /* Release */ = {
			isa = XCBuildConfiguration;
			buildSettings = {
				ALWAYS_SEARCH_USER_PATHS = NO;
				CLANG_ANALYZER_NONNULL = YES;
				CLANG_CXX_LANGUAGE_STANDARD = "gnu++0x";
				CLANG_CXX_LIBRARY = "libc++";
				CLANG_ENABLE_MODULES = YES;
				CLANG_ENABLE_OBJC_ARC = YES;
				CLANG_WARN_BOOL_CONVERSION = YES;
				CLANG_WARN_CONSTANT_CONVERSION = YES;
				CLANG_WARN_DIRECT_OBJC_ISA_USAGE = YES_ERROR;
				CLANG_WARN_EMPTY_BODY = YES;
				CLANG_WARN_ENUM_CONVERSION = YES;
				CLANG_WARN_INT_CONVERSION = YES;
				CLANG_WARN_OBJC_ROOT_CLASS = YES_ERROR;
				CLANG_WARN_UNREACHABLE_CODE = YES;
				CLANG_WARN__DUPLICATE_METHOD_MATCH = YES;
				CODE_SIGN_IDENTITY = "-";
				COPY_PHASE_STRIP = NO;
				DEBUG_INFORMATION_FORMAT = "dwarf-with-dsym";
				ENABLE_NS_ASSERTIONS = NO;
				ENABLE_STRICT_OBJC_MSGSEND = YES;
				GCC_C_LANGUAGE_STANDARD = gnu99;
				GCC_NO_COMMON_BLOCKS = YES;
				GCC_WARN_64_TO_32_BIT_CONVERSION = YES;
				GCC_WARN_ABOUT_RETURN_TYPE = YES_ERROR;
				GCC_WARN_UNDECLARED_SELECTOR = YES;
				GCC_WARN_UNINITIALIZED_AUTOS = YES_AGGRESSIVE;
				GCC_WARN_UNUSED_FUNCTION = YES;
				GCC_WARN_UNUSED_VARIABLE = YES;
				MACOSX_DEPLOYMENT_TARGET = 10.11;
				MTL_ENABLE_DEBUG_INFO = NO;
				SDKROOT = macosx;
			};
			name = Release;
		};
		8E66C2D21D3FEF42003E1C56 /* Debug */ = {
			isa = XCBuildConfiguration;
			buildSettings = {
				HEADER_SEARCH_PATHS = (
					"$(PROJECT_DIR)/../../include",
					"$(PROJECT_DIR)/../src/**",
					"$(PROJECT_DIR)/../libs/protocol_buffers",
				);
				PRODUCT_NAME = "$(TARGET_NAME)";
			};
			name = Debug;
		};
		8E66C2D31D3FEF42003E1C56 /* Release */ = {
			isa = XCBuildConfiguration;
			buildSettings = {
				HEADER_SEARCH_PATHS = (
					"$(PROJECT_DIR)/../../include",
					"$(PROJECT_DIR)/../src/**",
					"$(PROJECT_DIR)/../libs/protocol_buffers",
				);
				PRODUCT_NAME = "$(TARGET_NAME)";
			};
			name = Release;
		};
/* End XCBuildConfiguration section */

/* Begin XCConfigurationList section */
		8E66C2C51D3FEF42003E1C56 /* Build configuration list for PBXProject "crier_tests" */ = {
			isa = XCConfigurationList;
			buildConfigurations = (
				8E66C2CF1D3FEF42003E1C56 /* Debug */,
				8E66C2D01D3FEF42003E1C56 /* Release */,
			);
			defaultConfigurationIsVisible = 0;
			defaultConfigurationName = Release;
		};
		8E66C2D11D3FEF42003E1C56 /* Build configuration list for PBXNativeTarget "herald_tests" */ = {
			isa = XCConfigurationList;
			buildConfigurations = (
				8E66C2D21D3FEF42003E1C56 /* Debug */,
				8E66C2D31D3FEF42003E1C56 /* Release */,
			);
			defaultConfigurationIsVisible = 0;
			defaultConfigurationName = Release;
		};
/* End XCConfigurationList section */
	};
	rootObject = 8E66C2C21D3FEF42003E1C56 /* Project object */;
}
